
Microsoft Visual Studio Solution File, Format Version 12.00
# Visual Studio Version 17
VisualStudioVersion = 17.9.34723.18
MinimumVisualStudioVersion = 10.0.40219.1
Project("{9A19103F-16F7-4668-BE54-9A1E7A4F7556}") = "MikuSpaceServer", "MikuSpaceServer.csproj", "{C1023E7D-1384-4D2D-9486-E52EAFE7B43B}"
EndProject
Project("{9A19103F-16F7-4668-BE54-9A1E7A4F7556}") = "TestUnit", "..\TestUnit\TestUnit.csproj", "{A7D60C51-7F62-4E3D-BCA5-6F63FE6B2D58}"
EndProject
Project("{9A19103F-16F7-4668-BE54-9A1E7A4F7556}") = "Plugin", "..\Plugin\Plugin.csproj", "{361561E0-BF23-41B3-B967-A6B9A28111AC}"
EndProject
Project("{9A19103F-16F7-4668-BE54-9A1E7A4F7556}") = "UserCustom", "..\UserCustom\UserCustom.csproj", "{3CD16463-F808-4BD0-B05D-2E3E3D1820F9}"
EndProject
Project("{FAE04EC0-301F-11D3-BF4B-00C04F79EFBC}") = "Miku.Log4Net", "..\Miku.Log4Net\Miku.Log4Net.csproj", "{6A957F5E-3E0F-43CC-A766-4DFBDD552095}"
EndProject
Global
	GlobalSection(SolutionConfigurationPlatforms) = preSolution
		Debug|Any CPU = Debug|Any CPU
		Release|Any CPU = Release|Any CPU
	EndGlobalSection
	GlobalSection(ProjectConfigurationPlatforms) = postSolution
		{C1023E7D-1384-4D2D-9486-E52EAFE7B43B}.Debug|Any CPU.ActiveCfg = Debug|Any CPU
		{C1023E7D-1384-4D2D-9486-E52EAFE7B43B}.Debug|Any CPU.Build.0 = Debug|Any CPU
		{C1023E7D-1384-4D2D-9486-E52EAFE7B43B}.Release|Any CPU.ActiveCfg = Release|Any CPU
		{C1023E7D-1384-4D2D-9486-E52EAFE7B43B}.Release|Any CPU.Build.0 = Release|Any CPU
		{A7D60C51-7F62-4E3D-BCA5-6F63FE6B2D58}.Debug|Any CPU.ActiveCfg = Debug|Any CPU
		{A7D60C51-7F62-4E3D-BCA5-6F63FE6B2D58}.Debug|Any CPU.Build.0 = Debug|Any CPU
		{A7D60C51-7F62-4E3D-BCA5-6F63FE6B2D58}.Release|Any CPU.ActiveCfg = Release|Any CPU
		{A7D60C51-7F62-4E3D-BCA5-6F63FE6B2D58}.Release|Any CPU.Build.0 = Release|Any CPU
		{361561E0-BF23-41B3-B967-A6B9A28111AC}.Debug|Any CPU.ActiveCfg = Debug|Any CPU
		{361561E0-BF23-41B3-B967-A6B9A28111AC}.Debug|Any CPU.Build.0 = Debug|Any CPU
		{361561E0-BF23-41B3-B967-A6B9A28111AC}.Release|Any CPU.ActiveCfg = Release|Any CPU
		{361561E0-BF23-41B3-B967-A6B9A28111AC}.Release|Any CPU.Build.0 = Release|Any CPU
		{3CD16463-F808-4BD0-B05D-2E3E3D1820F9}.Debug|Any CPU.ActiveCfg = Debug|Any CPU
		{3CD16463-F808-4BD0-B05D-2E3E3D1820F9}.Debug|Any CPU.Build.0 = Debug|Any CPU
		{3CD16463-F808-4BD0-B05D-2E3E3D1820F9}.Release|Any CPU.ActiveCfg = Release|Any CPU
		{3CD16463-F808-4BD0-B05D-2E3E3D1820F9}.Release|Any CPU.Build.0 = Release|Any CPU
		{6A957F5E-3E0F-43CC-A766-4DFBDD552095}.Debug|Any CPU.ActiveCfg = Debug|Any CPU
		{6A957F5E-3E0F-43CC-A766-4DFBDD552095}.Debug|Any CPU.Build.0 = Debug|Any CPU
		{6A957F5E-3E0F-43CC-A766-4DFBDD552095}.Release|Any CPU.ActiveCfg = Release|Any CPU
		{6A957F5E-3E0F-43CC-A766-4DFBDD552095}.Release|Any CPU.Build.0 = Release|Any CPU
	EndGlobalSection
	GlobalSection(SolutionProperties) = preSolution
		HideSolutionNode = FALSE
	EndGlobalSection
	GlobalSection(ExtensibilityGlobals) = postSolution
		SolutionGuid = {C113DD0B-E240-4F9E-A01A-726D1E1CBD90}
	EndGlobalSection
EndGlobal
